
Microsoft Visual Studio Solution File, Format Version 12.00
# Visual Studio 15
VisualStudioVersion = 15.0.28010.2041
MinimumVisualStudioVersion = 10.0.40219.1
Project("{FAE04EC0-301F-11D3-BF4B-00C04F79EFBC}") = "CorrecaoProva", "CorrecaoProva\CorrecaoProva.csproj", "{632A4436-0BC8-4173-8B9B-748D146B9FC1}"
EndProject
Global
	GlobalSection(SolutionConfigurationPlatforms) = preSolution
		Debug|Any CPU = Debug|Any CPU
		Release|Any CPU = Release|Any CPU
	EndGlobalSection
	GlobalSection(ProjectConfigurationPlatforms) = postSolution
		{632A4436-0BC8-4173-8B9B-748D146B9FC1}.Debug|Any CPU.ActiveCfg = Debug|Any CPU
		{632A4436-0BC8-4173-8B9B-748D146B9FC1}.Debug|Any CPU.Build.0 = Debug|Any CPU
		{632A4436-0BC8-4173-8B9B-748D146B9FC1}.Release|Any CPU.ActiveCfg = Release|Any CPU
		{632A4436-0BC8-4173-8B9B-748D146B9FC1}.Release|Any CPU.Build.0 = Release|Any CPU
	EndGlobalSection
	GlobalSection(SolutionProperties) = preSolution
		HideSolutionNode = FALSE
	EndGlobalSection
	GlobalSection(ExtensibilityGlobals) = postSolution
		SolutionGuid = {6D1230EB-7A42-4F4B-AAF7-F9A8F410B3E3}
	EndGlobalSection
EndGlobal
